
Microsoft Visual Studio Solution File, Format Version 12.00
# Visual Studio 15
Project("{FAE04EC0-301F-11D3-BF4B-00C04F79EFBC}") = "Assembly-CSharp", "Assembly-CSharp.csproj", "{D656A44F-B6A8-046A-D2CE-C65D2AEF7D2B}"
EndProject
Project("{FAE04EC0-301F-11D3-BF4B-00C04F79EFBC}") = "Assembly-CSharp-Editor", "Assembly-CSharp-Editor.csproj", "{F4B87246-C88E-6837-F09A-4CA9FC25294D}"
EndProject
Global
	GlobalSection(SolutionConfigurationPlatforms) = preSolution
		Debug|Any CPU = Debug|Any CPU
		Release|Any CPU = Release|Any CPU
	EndGlobalSection
	GlobalSection(ProjectConfigurationPlatforms) = postSolution
		{D656A44F-B6A8-046A-D2CE-C65D2AEF7D2B}.Debug|Any CPU.ActiveCfg = Debug|Any CPU
		{D656A44F-B6A8-046A-D2CE-C65D2AEF7D2B}.Debug|Any CPU.Build.0 = Debug|Any CPU
		{D656A44F-B6A8-046A-D2CE-C65D2AEF7D2B}.Release|Any CPU.ActiveCfg = Release|Any CPU
		{D656A44F-B6A8-046A-D2CE-C65D2AEF7D2B}.Release|Any CPU.Build.0 = Release|Any CPU
		{F4B87246-C88E-6837-F09A-4CA9FC25294D}.Debug|Any CPU.ActiveCfg = Debug|Any CPU
		{F4B87246-C88E-6837-F09A-4CA9FC25294D}.Debug|Any CPU.Build.0 = Debug|Any CPU
		{F4B87246-C88E-6837-F09A-4CA9FC25294D}.Release|Any CPU.ActiveCfg = Release|Any CPU
		{F4B87246-C88E-6837-F09A-4CA9FC25294D}.Release|Any CPU.Build.0 = Release|Any CPU
	EndGlobalSection
	GlobalSection(SolutionProperties) = preSolution
		HideSolutionNode = FALSE
	EndGlobalSection
EndGlobal
